GJB2/free/stability/mutatex_runs/AFDB_18-221/model_v6/saturation/P29033_table/energies.csv
PIK3CD/free/stability/mutatex_runs/AFDB_19-1026/model_v6/saturation/O00329_table/energies.csv
PPM1D/free/stability/mutatex_runs/AFDB_5-378/model_v6/saturation/O15297_table/energies.csv
GJB2/free/stability/mutatex_runs/AFDB_18-221/model_v6/saturation/P29033_scan
GJB2/free/stability/mutatex_input_preparation/AFDB_18-221/model_v6/saturation/P29033_trimmed.pdb
structure_selection/AFDB/P29033_18_221.pdb
GJB2/free/stability/mutatex_input_preparation/AFDB_18-221/model_v6/saturation/mutate_runfile.txt
GJB2/free/stability/mutatex_input_preparation/AFDB_18-221/model_v6/saturation/repair_runfile.txt
GJB2/free/stability/mutatex_input_preparation/AFDB_18-221/model_v6/saturation/mutation_list.txt
GJB2/free/stability/mutatex_runs/AFDB_18-221/model_v6/saturation/README.txt
PIK3CD/free/stability/mutatex_runs/AFDB_19-1026/model_v6/saturation/O00329_scan
PIK3CD/free/stability/mutatex_input_preparation/AFDB_19-1026/model_v6/saturation/O00329_trimmed.pdb
structure_selection/AFDB/O00329_19_1026.pdb
PIK3CD/free/stability/mutatex_input_preparation/AFDB_19-1026/model_v6/saturation/mutate_runfile.txt
PIK3CD/free/stability/mutatex_input_preparation/AFDB_19-1026/model_v6/saturation/repair_runfile.txt
PIK3CD/free/stability/mutatex_input_preparation/AFDB_19-1026/model_v6/saturation/mutation_list.txt
PIK3CD/free/stability/mutatex_runs/AFDB_19-1026/model_v6/saturation/README.txt
PPM1D/free/stability/mutatex_runs/AFDB_5-378/model_v6/saturation/O15297_scan
PPM1D/free/stability/mutatex_input_preparation/AFDB_5-378/model_v6/saturation/O15297_trimmed.pdb
structure_selection/AFDB/O15297_5_378.pdb
PPM1D/free/stability/mutatex_input_preparation/AFDB_5-378/model_v6/saturation/mutate_runfile.txt
PPM1D/free/stability/mutatex_input_preparation/AFDB_5-378/model_v6/saturation/repair_runfile.txt
PPM1D/free/stability/mutatex_input_preparation/AFDB_5-378/model_v6/saturation/mutation_list.txt
PPM1D/free/stability/mutatex_runs/AFDB_5-378/model_v6/saturation/README.txt
