test/_ankb_5YISab_1-120_1588-1613/modelX/self_scan/blind/mutations.tar.gz
test/cabsdock_ankb_5YISab_1-120_1590-1602//ala_scan/blind/mutations.tar.gz
test/cabsdock_nix_4WAAab_1-120_33-39/modelX/self_scan/blind/mutations.tar.gz
test/cabsdock_nix_4WAAab_1-120_34-39/modelX/ala_scan/blind/mutations.tar.gz
test/_ankb_5YISab_1-120_1588-1613/modelX/self_scan/blind/ankb_5YIS.pdb
test/_ankb_5YISab_1-120_1588-1613/modelX/self_scan/blind/mutate_runfile_template.txt
test/_ankb_5YISab_1-120_1588-1613/modelX/self_scan/blind/interface_runfile_template.txt
test/_ankb_5YISab_1-120_1588-1613/modelX/self_scan/blind/repair_runfile_template.txt
test/_ankb_5YISab_1-120_1588-1613/modelX/self_scan/blind/mutation_list.txt
test/_ankb_5YISab_1-120_1588-1613/modelX/self_scan/blind/poslist.txt
test/_ankb_5YISab_1-120_1588-1613/modelX/self_scan/blind/README_mutatex_run
test/cabsdock_ankb_5YISab_1-120_1590-1602//ala_scan/blind/ankb_5YIS.pdb
test/cabsdock_ankb_5YISab_1-120_1590-1602//ala_scan/blind/mutate_runfile_template.txt
test/cabsdock_ankb_5YISab_1-120_1590-1602//ala_scan/blind/interface_runfile_template.txt
test/cabsdock_ankb_5YISab_1-120_1590-1602//ala_scan/blind/repair_runfile_template.txt
test/cabsdock_ankb_5YISab_1-120_1590-1602//ala_scan/blind/mutation_list.txt
test/cabsdock_ankb_5YISab_1-120_1590-1602//ala_scan/blind/poslist.txt
test/cabsdock_ankb_5YISab_1-120_1590-1602//ala_scan/blind/README_mutatex_run
test/cabsdock_nix_4WAAab_1-120_33-39/modelX/self_scan/blind/nix_4WAA.pdb
test/cabsdock_nix_4WAAab_1-120_33-39/modelX/self_scan/blind/mutate_runfile_template.txt
test/cabsdock_nix_4WAAab_1-120_33-39/modelX/self_scan/blind/interface_runfile_template.txt
test/cabsdock_nix_4WAAab_1-120_33-39/modelX/self_scan/blind/repair_runfile_template.txt
test/cabsdock_nix_4WAAab_1-120_33-39/modelX/self_scan/blind/mutation_list.txt
test/cabsdock_nix_4WAAab_1-120_33-39/modelX/self_scan/blind/poslist.txt
test/cabsdock_nix_4WAAab_1-120_33-39/modelX/self_scan/blind/README_mutatex_run
test/cabsdock_nix_4WAAab_1-120_34-39/modelX/ala_scan/blind/nix_4WAA.pdb
test/cabsdock_nix_4WAAab_1-120_34-39/modelX/ala_scan/blind/mutate_runfile_template.txt
test/cabsdock_nix_4WAAab_1-120_34-39/modelX/ala_scan/blind/interface_runfile_template.txt
test/cabsdock_nix_4WAAab_1-120_34-39/modelX/ala_scan/blind/repair_runfile_template.txt
test/cabsdock_nix_4WAAab_1-120_34-39/modelX/ala_scan/blind/mutation_list.txt
test/cabsdock_nix_4WAAab_1-120_34-39/modelX/ala_scan/blind/poslist.txt
test/cabsdock_nix_4WAAab_1-120_34-39/modelX/ala_scan/blind/README_mutatex_run
